{
  "object": {
    "pins": [
      {
        "package": "ARVideoKit",
        "repositoryURL": "https://github.com/AFathi/ARVideoKit",
        "state": {
          "branch": null,
          "revision": "8eabd3193125812439ac82dc81bf99dc79886722",
          "version": "1.6.0"
        }
      },
      {
        "package": "CSV.swift",
        "repositoryURL": "https://github.com/yaslab/CSV.swift",
        "state": {
          "branch": null,
          "revision": "81d2874c51db364d7e1d71b0d99018a294c87ac1",
          "version": "2.4.3"
        }
      },
      {
        "package": "EyeTrackKit",
        "repositoryURL": "https://github.com/ukitomato/EyeTrackKit.git",
        "state": {
          "branch": null,
          "revision": "6af064c10a144f4f6d9532d03e8daebbf2e9d8a6",
          "version": "0.7.1"
        }
      }
    ]
  },
  "version": 1
}
